
Microsoft Visual Studio Solution File, Format Version 12.00
# Visual Studio 15
VisualStudioVersion = 15.0.28307.329
MinimumVisualStudioVersion = 10.0.40219.1
Project("{FAE04EC0-301F-11D3-BF4B-00C04F79EFBC}") = "VideoGameThing", "VideoGameThing\VideoGameThing.csproj", "{7ECB20A6-A949-4B78-B459-B2A9966F28BE}"
EndProject
Global
	GlobalSection(SolutionConfigurationPlatforms) = preSolution
		Debug|Any CPU = Debug|Any CPU
		Release|Any CPU = Release|Any CPU
	EndGlobalSection
	GlobalSection(ProjectConfigurationPlatforms) = postSolution
		{7ECB20A6-A949-4B78-B459-B2A9966F28BE}.Debug|Any CPU.ActiveCfg = Debug|Any CPU
		{7ECB20A6-A949-4B78-B459-B2A9966F28BE}.Debug|Any CPU.Build.0 = Debug|Any CPU
		{7ECB20A6-A949-4B78-B459-B2A9966F28BE}.Release|Any CPU.ActiveCfg = Release|Any CPU
		{7ECB20A6-A949-4B78-B459-B2A9966F28BE}.Release|Any CPU.Build.0 = Release|Any CPU
	EndGlobalSection
	GlobalSection(SolutionProperties) = preSolution
		HideSolutionNode = FALSE
	EndGlobalSection
	GlobalSection(ExtensibilityGlobals) = postSolution
		SolutionGuid = {0177F1E4-C617-4612-BD38-BF478B33FEEF}
	EndGlobalSection
EndGlobal
